
Microsoft Visual Studio Solution File, Format Version 12.00
# Visual Studio Version 17
VisualStudioVersion = 17.9.34622.214
MinimumVisualStudioVersion = 10.0.40219.1
Project("{FAE04EC0-301F-11D3-BF4B-00C04F79EFBC}") = "NetworkTrafficAnomalyDetector", "NetworkTrafficAnomalyDetector.csproj", "{6F333A99-E74D-46AA-8312-99C50D9FA161}"
EndProject
Global
	GlobalSection(SolutionConfigurationPlatforms) = preSolution
		Debug|Any CPU = Debug|Any CPU
		Release|Any CPU = Release|Any CPU
	EndGlobalSection
	GlobalSection(ProjectConfigurationPlatforms) = postSolution
		{6F333A99-E74D-46AA-8312-99C50D9FA161}.Debug|Any CPU.ActiveCfg = Debug|Any CPU
		{6F333A99-E74D-46AA-8312-99C50D9FA161}.Debug|Any CPU.Build.0 = Debug|Any CPU
		{6F333A99-E74D-46AA-8312-99C50D9FA161}.Release|Any CPU.ActiveCfg = Release|Any CPU
		{6F333A99-E74D-46AA-8312-99C50D9FA161}.Release|Any CPU.Build.0 = Release|Any CPU
	EndGlobalSection
	GlobalSection(SolutionProperties) = preSolution
		HideSolutionNode = FALSE
	EndGlobalSection
	GlobalSection(ExtensibilityGlobals) = postSolution
		SolutionGuid = {52B3DD1D-6B74-4865-88DA-F05425C6E16B}
	EndGlobalSection
EndGlobal
